Microsoft Visual Studio Solution File, Format Version 9.00
# Visual C# Express 2005
Project("{FAE04EC0-301F-11D3-BF4B-00C04F79EFBC}") = "2DHistogram", "2DHistogram.csproj", "{930855BB-EC6C-4075-A201-23E11AA3DEDB}"
EndProject
Project("{FAE04EC0-301F-11D3-BF4B-00C04F79EFBC}") = "AVI_Loader", "AVI_Loader\AVI_Loader.csproj", "{FF4E1B53-EFD7-4DBF-8A88-C12214BBF966}"
EndProject
Project("{FAE04EC0-301F-11D3-BF4B-00C04F79EFBC}") = "ImageStatistic", "ImageStatistic\ImageStatistic.csproj", "{F4561DAC-E173-4173-B91A-5F810F237FBD}"
EndProject
Project("{FAE04EC0-301F-11D3-BF4B-00C04F79EFBC}") = "MotionStatistic", "MotionStatistic\MotionStatistic.csproj", "{7466D293-3E3D-4754-9631-EE25DFBA0D1E}"
EndProject
Global
	GlobalSection(SolutionConfigurationPlatforms) = preSolution
		Debug|Any CPU = Debug|Any CPU
		Release|Any CPU = Release|Any CPU
	EndGlobalSection
	GlobalSection(ProjectConfigurationPlatforms) = postSolution
		{930855BB-EC6C-4075-A201-23E11AA3DEDB}.Debug|Any CPU.ActiveCfg = Debug|Any CPU
		{930855BB-EC6C-4075-A201-23E11AA3DEDB}.Debug|Any CPU.Build.0 = Debug|Any CPU
		{930855BB-EC6C-4075-A201-23E11AA3DEDB}.Release|Any CPU.ActiveCfg = Release|Any CPU
		{930855BB-EC6C-4075-A201-23E11AA3DEDB}.Release|Any CPU.Build.0 = Release|Any CPU
		{FF4E1B53-EFD7-4DBF-8A88-C12214BBF966}.Debug|Any CPU.ActiveCfg = Debug|Any CPU
		{FF4E1B53-EFD7-4DBF-8A88-C12214BBF966}.Debug|Any CPU.Build.0 = Debug|Any CPU
		{FF4E1B53-EFD7-4DBF-8A88-C12214BBF966}.Release|Any CPU.ActiveCfg = Release|Any CPU
		{FF4E1B53-EFD7-4DBF-8A88-C12214BBF966}.Release|Any CPU.Build.0 = Release|Any CPU
		{F4561DAC-E173-4173-B91A-5F810F237FBD}.Debug|Any CPU.ActiveCfg = Debug|Any CPU
		{F4561DAC-E173-4173-B91A-5F810F237FBD}.Debug|Any CPU.Build.0 = Debug|Any CPU
		{F4561DAC-E173-4173-B91A-5F810F237FBD}.Release|Any CPU.ActiveCfg = Release|Any CPU
		{F4561DAC-E173-4173-B91A-5F810F237FBD}.Release|Any CPU.Build.0 = Release|Any CPU
		{7466D293-3E3D-4754-9631-EE25DFBA0D1E}.Debug|Any CPU.ActiveCfg = Debug|Any CPU
		{7466D293-3E3D-4754-9631-EE25DFBA0D1E}.Debug|Any CPU.Build.0 = Debug|Any CPU
		{7466D293-3E3D-4754-9631-EE25DFBA0D1E}.Release|Any CPU.ActiveCfg = Release|Any CPU
		{7466D293-3E3D-4754-9631-EE25DFBA0D1E}.Release|Any CPU.Build.0 = Release|Any CPU
	EndGlobalSection
	GlobalSection(SolutionProperties) = preSolution
		HideSolutionNode = FALSE
	EndGlobalSection
EndGlobal
